
Microsoft Visual Studio Solution File, Format Version 12.00
Project("{FAE04EC0-301F-11D3-BF4B-00C04F79EFBC}") = "ProjetoIntegrador3.API", "src\ProjetoIntegrador3.API\ProjetoIntegrador3.API.csproj", "{61474697-6B2D-4686-A2DD-0CC8C8A20CF1}"
EndProject
Project("{FAE04EC0-301F-11D3-BF4B-00C04F79EFBC}") = "ProjetoIntegrador3.Infra.Identity", "src\ProjetoIntegrador3.Infra.Identity\ProjetoIntegrador3.Infra.Identity.csproj", "{7E3313D2-B5E2-4ABC-9EF7-C0EBE39A3B84}"
EndProject
Project("{FAE04EC0-301F-11D3-BF4B-00C04F79EFBC}") = "ProjetoIntegrador3.Infra.Data", "src\ProjetoIntegrador3.Infra.Data\ProjetoIntegrador3.Infra.Data.csproj", "{854D4242-CBBC-4C1A-A646-0CE218006DCB}"
EndProject
Project("{FAE04EC0-301F-11D3-BF4B-00C04F79EFBC}") = "ProjetoIntegrador3.Domain", "src\ProjetoIntegrador3.Domain\ProjetoIntegrador3.Domain.csproj", "{15E6A7DD-CBC7-4DDE-8CF0-D5715FBFC7E3}"
EndProject
Global
	GlobalSection(SolutionConfigurationPlatforms) = preSolution
		Debug|Any CPU = Debug|Any CPU
		Release|Any CPU = Release|Any CPU
	EndGlobalSection
	GlobalSection(ProjectConfigurationPlatforms) = postSolution
		{61474697-6B2D-4686-A2DD-0CC8C8A20CF1}.Debug|Any CPU.ActiveCfg = Debug|Any CPU
		{61474697-6B2D-4686-A2DD-0CC8C8A20CF1}.Debug|Any CPU.Build.0 = Debug|Any CPU
		{61474697-6B2D-4686-A2DD-0CC8C8A20CF1}.Release|Any CPU.ActiveCfg = Release|Any CPU
		{61474697-6B2D-4686-A2DD-0CC8C8A20CF1}.Release|Any CPU.Build.0 = Release|Any CPU
		{7E3313D2-B5E2-4ABC-9EF7-C0EBE39A3B84}.Debug|Any CPU.ActiveCfg = Debug|Any CPU
		{7E3313D2-B5E2-4ABC-9EF7-C0EBE39A3B84}.Debug|Any CPU.Build.0 = Debug|Any CPU
		{7E3313D2-B5E2-4ABC-9EF7-C0EBE39A3B84}.Release|Any CPU.ActiveCfg = Release|Any CPU
		{7E3313D2-B5E2-4ABC-9EF7-C0EBE39A3B84}.Release|Any CPU.Build.0 = Release|Any CPU
		{854D4242-CBBC-4C1A-A646-0CE218006DCB}.Debug|Any CPU.ActiveCfg = Debug|Any CPU
		{854D4242-CBBC-4C1A-A646-0CE218006DCB}.Debug|Any CPU.Build.0 = Debug|Any CPU
		{854D4242-CBBC-4C1A-A646-0CE218006DCB}.Release|Any CPU.ActiveCfg = Release|Any CPU
		{854D4242-CBBC-4C1A-A646-0CE218006DCB}.Release|Any CPU.Build.0 = Release|Any CPU
		{15E6A7DD-CBC7-4DDE-8CF0-D5715FBFC7E3}.Debug|Any CPU.ActiveCfg = Debug|Any CPU
		{15E6A7DD-CBC7-4DDE-8CF0-D5715FBFC7E3}.Debug|Any CPU.Build.0 = Debug|Any CPU
		{15E6A7DD-CBC7-4DDE-8CF0-D5715FBFC7E3}.Release|Any CPU.ActiveCfg = Release|Any CPU
		{15E6A7DD-CBC7-4DDE-8CF0-D5715FBFC7E3}.Release|Any CPU.Build.0 = Release|Any CPU
	EndGlobalSection
EndGlobal
